
Microsoft Visual Studio Solution File, Format Version 12.00
# Visual Studio 15
VisualStudioVersion = 15.0.28307.572
MinimumVisualStudioVersion = 10.0.40219.1
Project("{FAE04EC0-301F-11D3-BF4B-00C04F79EFBC}") = "AbundantMusic.NET", "AbundantMusic.NET\AbundantMusic.NET.csproj", "{05BAF21C-9800-4FCA-8C47-271FD279B2F6}"
EndProject
Global
	GlobalSection(SolutionConfigurationPlatforms) = preSolution
		Debug|Any CPU = Debug|Any CPU
		Release|Any CPU = Release|Any CPU
	EndGlobalSection
	GlobalSection(ProjectConfigurationPlatforms) = postSolution
		{05BAF21C-9800-4FCA-8C47-271FD279B2F6}.Debug|Any CPU.ActiveCfg = Debug|Any CPU
		{05BAF21C-9800-4FCA-8C47-271FD279B2F6}.Debug|Any CPU.Build.0 = Debug|Any CPU
		{05BAF21C-9800-4FCA-8C47-271FD279B2F6}.Release|Any CPU.ActiveCfg = Release|Any CPU
		{05BAF21C-9800-4FCA-8C47-271FD279B2F6}.Release|Any CPU.Build.0 = Release|Any CPU
	EndGlobalSection
	GlobalSection(SolutionProperties) = preSolution
		HideSolutionNode = FALSE
	EndGlobalSection
	GlobalSection(ExtensibilityGlobals) = postSolution
		SolutionGuid = {836EA0CD-5303-45A1-8642-58CC5A5CBF74}
	EndGlobalSection
EndGlobal
